// !$*UTF8*$!
{
	archiveVersion = 1;
	classes = {
	};
	objectVersion = 50;
	objects = {

/* Begin PBXBuildFile section */
		AE70FD4123BF9AFB00422FFB /* AppDelegate.swift in Sources */ = {isa = PBXBuildFile; fileRef = AE70FD4023BF9AFB00422FFB /* AppDelegate.swift */; };
		AE70FD4323BF9AFB00422FFB /* SceneDelegate.swift in Sources */ = {isa = PBXBuildFile; fileRef = AE70FD4223BF9AFB00422FFB /* SceneDelegate.swift */; };
		AE70FD4523BF9AFB00422FFB /* ViewController.swift in Sources */ = {isa = PBXBuildFile; fileRef = AE70FD4423BF9AFB00422FFB /* ViewController.swift */; };
		AE70FD4823BF9AFB00422FFB /* Main.storyboard in Resources */ = {isa = PBXBuildFile; fileRef = AE70FD4623BF9AFB00422FFB /* Main.storyboard */; };
		AE70FD4A23BF9AFD00422FFB /* Assets.xcassets in Resources */ = {isa = PBXBuildFile; fileRef = AE70FD4923BF9AFD00422FFB /* Assets.xcassets */; };
		AE70FD4D23BF9AFD00422FFB /* LaunchScreen.storyboard in Resources */ = {isa = PBXBuildFile; fileRef = AE70FD4B23BF9AFD00422FFB /* LaunchScreen.storyboard */; };
/* End PBXBuildFile section */

/* Begin PBXFileReference section */
		AE70FD3D23BF9AFB00422FFB /* HwS Project 2.app */ = {isa = PBXFileReference; explicitFileType = wrapper.application; includeInIndex = 0; path = "HwS Project 2.app"; sourceTree = BUILT_PRODUCTS_DIR; };
		AE70FD4023BF9AFB00422FFB /* AppDelegate.swift */ = {isa = PBXFileReference; lastKnownFileType = sourcecode.swift; path = AppDelegate.swift; sourceTree = "<group>"; };
		AE70FD4223BF9AFB00422FFB /* SceneDelegate.swift */ = {isa = PBXFileReference; lastKnownFileType = sourcecode.swift; path = SceneDelegate.swift; sourceTree = "<group>"; };
		AE70FD4423BF9AFB00422FFB /* ViewController.swift */ = {isa = PBXFileReference; lastKnownFileType = sourcecode.swift; path = ViewController.swift; sourceTree = "<group>"; };
		AE70FD4723BF9AFB00422FFB /* Base */ = {isa = PBXFileReference; lastKnownFileType = file.storyboard; name = Base; path = Base.lproj/Main.storyboard; sourceTree = "<group>"; };
		AE70FD4923BF9AFD00422FFB /* Assets.xcassets */ = {isa = PBXFileReference; lastKnownFileType = folder.assetcatalog; path = Assets.xcassets; sourceTree = "<group>"; };
		AE70FD4C23BF9AFD00422FFB /* Base */ = {isa = PBXFileReference; lastKnownFileType = file.storyboard; name = Base; path = Base.lproj/LaunchScreen.storyboard; sourceTree = "<group>"; };
		AE70FD4E23BF9AFD00422FFB /* Info.plist */ = {isa = PBXFileReference; lastKnownFileType = text.plist.xml; path = Info.plist; sourceTree = "<group>"; };
/* End PBXFileReference section */

/* Begin PBXFrameworksBuildPhase section */
		AE70FD3A23BF9AFB00422FFB /* Frameworks */ = {
			isa = PBXFrameworksBuildPhase;
			buildActionMask = 2147483647;
			files = (
			);
			runOnlyForDeploymentPostprocessing = 0;
		};
/* End PBXFrameworksBuildPhase section */

/* Begin PBXGroup section */
		AE70FD3423BF9AFB00422FFB = {
			isa = PBXGroup;
			children = (
				AE70FD3F23BF9AFB00422FFB /* HwS Project 2 */,
				AE70FD3E23BF9AFB00422FFB /* Products */,
			);
			sourceTree = "<group>";
		};
		AE70FD3E23BF9AFB00422FFB /* Products */ = {
			isa = PBXGroup;
			children = (
				AE70FD3D23BF9AFB00422FFB /* HwS Project 2.app */,
			);
			name = Products;
			sourceTree = "<group>";
		};
		AE70FD3F23BF9AFB00422FFB /* HwS Project 2 */ = {
			isa = PBXGroup;
			children = (
				AE70FD4023BF9AFB00422FFB /* AppDelegate.swift */,
				AE70FD4223BF9AFB00422FFB /* SceneDelegate.swift */,
				AE70FD4423BF9AFB00422FFB /* ViewController.swift */,
				AE70FD4623BF9AFB00422FFB /* Main.storyboard */,
				AE70FD4923BF9AFD00422FFB /* Assets.xcassets */,
				AE70FD4B23BF9AFD00422FFB /* LaunchScreen.storyboard */,
				AE70FD4E23BF9AFD00422FFB /* Info.plist */,
			);
			path = "HwS Project 2";
			sourceTree = "<group>";
		};
/* End PBXGroup section */

/* Begin PBXNativeTarget section */
		AE70FD3C23BF9AFB00422FFB /* HwS Project 2 */ = {
			isa = PBXNativeTarget;
			buildConfigurationList = AE70FD5123BF9AFD00422FFB /* Build configuration list for PBXNativeTarget "HwS Project 2" */;
			buildPhases = (
				AE70FD3923BF9AFB00422FFB /* Sources */,
				AE70FD3A23BF9AFB00422FFB /* Frameworks */,
				AE70FD3B23BF9AFB00422FFB /* Resources */,
			);
			buildRules = (
			);
			dependencies = (
			);
			name = "HwS Project 2";
			productName = "HwS Project 2";
			productReference = AE70FD3D23BF9AFB00422FFB /* HwS Project 2.app */;
			productType = "com.apple.product-type.application";
		};
/* End PBXNativeTarget section */

/* Begin PBXProject section */
		AE70FD3523BF9AFB00422FFB /* Project object */ = {
			isa = PBXProject;
			attributes = {
				LastSwiftUpdateCheck = 1130;
				LastUpgradeCheck = 1130;
				ORGANIZATIONNAME = "Heather Mason";
				TargetAttributes = {
					AE70FD3C23BF9AFB00422FFB = {
						CreatedOnToolsVersion = 11.3;
					};
				};
			};
			buildConfigurationList = AE70FD3823BF9AFB00422FFB /* Build configuration list for PBXProject "HwS Project 2" */;
			compatibilityVersion = "Xcode 9.3";
			developmentRegion = en;
			hasScannedForEncodings = 0;
			knownRegions = (
				en,
				Base,
			);
			mainGroup = AE70FD3423BF9AFB00422FFB;
			productRefGroup = AE70FD3E23BF9AFB00422FFB /* Products */;
			projectDirPath = "";
			projectRoot = "";
			targets = (
				AE70FD3C23BF9AFB00422FFB /* HwS Project 2 */,
			);
		};
/* End PBXProject section */

/* Begin PBXResourcesBuildPhase section */
		AE70FD3B23BF9AFB00422FFB /* Resources */ = {
			isa = PBXResourcesBuildPhase;
			buildActionMask = 2147483647;
			files = (
				AE70FD4D23BF9AFD00422FFB /* LaunchScreen.storyboard in Resources */,
				AE70FD4A23BF9AFD00422FFB /* Assets.xcassets in Resources */,
				AE70FD4823BF9AFB00422FFB /* Main.storyboard in Resources */,
			);
			runOnlyForDeploymentPostprocessing = 0;
		};
/* End PBXResourcesBuildPhase section */

/* Begin PBXSourcesBuildPhase section */
		AE70FD3923BF9AFB00422FFB /* Sources */ = {
			isa = PBXSourcesBuildPhase;
			buildActionMask = 2147483647;
			files = (
				AE70FD4523BF9AFB00422FFB /* ViewController.swift in Sources */,
				AE70FD4123BF9AFB00422FFB /* AppDelegate.swift in Sources */,
				AE70FD4323BF9AFB00422FFB /* SceneDelegate.swift in Sources */,
			);
			runOnlyForDeploymentPostprocessing = 0;
		};
/* End PBXSourcesBuildPhase section */

/* Begin PBXVariantGroup section */
		AE70FD4623BF9AFB00422FFB /* Main.storyboard */ = {
			isa = PBXVariantGroup;
			children = (
				AE70FD4723BF9AFB00422FFB /* Base */,
			);
			name = Main.storyboard;
			sourceTree = "<group>";
		};
		AE70FD4B23BF9AFD00422FFB /* LaunchScreen.storyboard */ = {
			isa = PBXVariantGroup;
			children = (
				AE70FD4C23BF9AFD00422FFB /* Base */,
			);
			name = LaunchScreen.storyboard;
			sourceTree = "<group>";
		};
/* End PBXVariantGroup section */

/* Begin XCBuildConfiguration section */
		AE70FD4F23BF9AFD00422FFB /* Debug */ = {
			isa = XCBuildConfiguration;
			buildSettings = {
				ALWAYS_SEARCH_USER_PATHS = NO;
				CLANG_ANALYZER_NONNULL = YES;
				CLANG_ANALYZER_NUMBER_OBJECT_CONVERSION = YES_AGGRESSIVE;
				CLANG_CXX_LANGUAGE_STANDARD = "gnu++14";
				CLANG_CXX_LIBRARY = "libc++";
				CLANG_ENABLE_MODULES = YES;
				CLANG_ENABLE_OBJC_ARC = YES;
				CLANG_ENABLE_OBJC_WEAK = YES;
				CLANG_WARN_BLOCK_CAPTURE_AUTORELEASING = YES;
				CLANG_WARN_BOOL_CONVERSION = YES;
				CLANG_WARN_COMMA = YES;
				CLANG_WARN_CONSTANT_CONVERSION = YES;
				CLANG_WARN_DEPRECATED_OBJC_IMPLEMENTATIONS = YES;
				CLANG_WARN_DIRECT_OBJC_ISA_USAGE = YES_ERROR;
				CLANG_WARN_DOCUMENTATION_COMMENTS = YES;
				CLANG_WARN_EMPTY_BODY = YES;
				CLANG_WARN_ENUM_CONVERSION = YES;
				CLANG_WARN_INFINITE_RECURSION = YES;
				CLANG_WARN_INT_CONVERSION = YES;
				CLANG_WARN_NON_LITERAL_NULL_CONVERSION = YES;
				CLANG_WARN_OBJC_IMPLICIT_RETAIN_SELF = YES;
				CLANG_WARN_OBJC_LITERAL_CONVERSION = YES;
				CLANG_WARN_OBJC_ROOT_CLASS = YES_ERROR;
				CLANG_WARN_RANGE_LOOP_ANALYSIS = YES;
				CLANG_WARN_STRICT_PROTOTYPES = YES;
				CLANG_WARN_SUSPICIOUS_MOVE = YES;
				CLANG_WARN_UNGUARDED_AVAILABILITY = YES_AGGRESSIVE;
				CLANG_WARN_UNREACHABLE_CODE = YES;
				CLANG_WARN__DUPLICATE_METHOD_MATCH = YES;
				COPY_PHASE_STRIP = NO;
				DEBUG_INFORMATION_FORMAT = dwarf;
				ENABLE_STRICT_OBJC_MSGSEND = YES;
				ENABLE_TESTABILITY = YES;
				GCC_C_LANGUAGE_STANDARD = gnu11;
				GCC_DYNAMIC_NO_PIC = NO;
				GCC_NO_COMMON_BLOCKS = YES;
				GCC_OPTIMIZATION_LEVEL = 0;
				GCC_PREPROCESSOR_DEFINITIONS = (
					"DEBUG=1",
					"$(inherited)",
				);
				GCC_WARN_64_TO_32_BIT_CONVERSION = YES;
				GCC_WARN_ABOUT_RETURN_TYPE = YES_ERROR;
				GCC_WARN_UNDECLARED_SELECTOR = YES;
				GCC_WARN_UNINITIALIZED_AUTOS = YES_AGGRESSIVE;
				GCC_WARN_UNUSED_FUNCTION = YES;
				GCC_WARN_UNUSED_VARIABLE = YES;
				IPHONEOS_DEPLOYMENT_TARGET = 13.2;
				MTL_ENABLE_DEBUG_INFO = INCLUDE_SOURCE;
				MTL_FAST_MATH = YES;
				ONLY_ACTIVE_ARCH = YES;
				SDKROOT = iphoneos;
				SWIFT_ACTIVE_COMPILATION_CONDITIONS = DEBUG;
				SWIFT_OPTIMIZATION_LEVEL = "-Onone";
			};
			name = Debug;
		};
		AE70FD5023BF9AFD00422FFB /* Release */ = {
			isa = XCBuildConfiguration;
			buildSettings = {
				ALWAYS_SEARCH_USER_PATHS = NO;
				CLANG_ANALYZER_NONNULL = YES;
				CLANG_ANALYZER_NUMBER_OBJECT_CONVERSION = YES_AGGRESSIVE;
				CLANG_CXX_LANGUAGE_STANDARD = "gnu++14";
				CLANG_CXX_LIBRARY = "libc++";
				CLANG_ENABLE_MODULES = YES;
				CLANG_ENABLE_OBJC_ARC = YES;
				CLANG_ENABLE_OBJC_WEAK = YES;
				CLANG_WARN_BLOCK_CAPTURE_AUTORELEASING = YES;
				CLANG_WARN_BOOL_CONVERSION = YES;
				CLANG_WARN_COMMA = YES;
				CLANG_WARN_CONSTANT_CONVERSION = YES;
				CLANG_WARN_DEPRECATED_OBJC_IMPLEMENTATIONS = YES;
				CLANG_WARN_DIRECT_OBJC_ISA_USAGE = YES_ERROR;
				CLANG_WARN_DOCUMENTATION_COMMENTS = YES;
				CLANG_WARN_EMPTY_BODY = YES;
				CLANG_WARN_ENUM_CONVERSION = YES;
				CLANG_WARN_INFINITE_RECURSION = YES;
				CLANG_WARN_INT_CONVERSION = YES;
				CLANG_WARN_NON_LITERAL_NULL_CONVERSION = YES;
				CLANG_WARN_OBJC_IMPLICIT_RETAIN_SELF = YES;
				CLANG_WARN_OBJC_LITERAL_CONVERSION = YES;
				CLANG_WARN_OBJC_ROOT_CLASS = YES_ERROR;
				CLANG_WARN_RANGE_LOOP_ANALYSIS = YES;
				CLANG_WARN_STRICT_PROTOTYPES = YES;
				CLANG_WARN_SUSPICIOUS_MOVE = YES;
				CLANG_WARN_UNGUARDED_AVAILABILITY = YES_AGGRESSIVE;
				CLANG_WARN_UNREACHABLE_CODE = YES;
				CLANG_WARN__DUPLICATE_METHOD_MATCH = YES;
				COPY_PHASE_STRIP = NO;
				DEBUG_INFORMATION_FORMAT = "dwarf-with-dsym";
				ENABLE_NS_ASSERTIONS = NO;
				ENABLE_STRICT_OBJC_MSGSEND = YES;
				GCC_C_LANGUAGE_STANDARD = gnu11;
				GCC_NO_COMMON_BLOCKS = YES;
				GCC_WARN_64_TO_32_BIT_CONVERSION = YES;
				GCC_WARN_ABOUT_RETURN_TYPE = YES_ERROR;
				GCC_WARN_UNDECLARED_SELECTOR = YES;
				GCC_WARN_UNINITIALIZED_AUTOS = YES_AGGRESSIVE;
				GCC_WARN_UNUSED_FUNCTION = YES;
				GCC_WARN_UNUSED_VARIABLE = YES;
				IPHONEOS_DEPLOYMENT_TARGET = 13.2;
				MTL_ENABLE_DEBUG_INFO = NO;
				MTL_FAST_MATH = YES;
				SDKROOT = iphoneos;
				SWIFT_COMPILATION_MODE = wholemodule;
				SWIFT_OPTIMIZATION_LEVEL = "-O";
				VALIDATE_PRODUCT = YES;
			};
			name = Release;
		};
		AE70FD5223BF9AFD00422FFB /* Debug */ = {
			isa = XCBuildConfiguration;
			buildSettings = {
				ASSETCATALOG_COMPILER_APPICON_NAME = AppIcon;
				CODE_SIGN_STYLE = Automatic;
				DEVELOPMENT_TEAM = 766MQFJY2G;
				INFOPLIST_FILE = "HwS Project 2/Info.plist";
				LD_RUNPATH_SEARCH_PATHS = (
					"$(inherited)",
					"@executable_path/Frameworks",
				);
				PRODUCT_BUNDLE_IDENTIFIER = "me.heatem.HwS-Project-2";
				PRODUCT_NAME = "$(TARGET_NAME)";
				SWIFT_VERSION = 5.0;
				TARGETED_DEVICE_FAMILY = "1,2";
			};
			name = Debug;
		};
		AE70FD5323BF9AFD00422FFB /* Release */ = {
			isa = XCBuildConfiguration;
			buildSettings = {
				ASSETCATALOG_COMPILER_APPICON_NAME = AppIcon;
				CODE_SIGN_STYLE = Automatic;
				DEVELOPMENT_TEAM = 766MQFJY2G;
				INFOPLIST_FILE = "HwS Project 2/Info.plist";
				LD_RUNPATH_SEARCH_PATHS = (
					"$(inherited)",
					"@executable_path/Frameworks",
				);
				PRODUCT_BUNDLE_IDENTIFIER = "me.heatem.HwS-Project-2";
				PRODUCT_NAME = "$(TARGET_NAME)";
				SWIFT_VERSION = 5.0;
				TARGETED_DEVICE_FAMILY = "1,2";
			};
			name = Release;
		};
/* End XCBuildConfiguration section */

/* Begin XCConfigurationList section */
		AE70FD3823BF9AFB00422FFB /* Build configuration list for PBXProject "HwS Project 2" */ = {
			isa = XCConfigurationList;
			buildConfigurations = (
				AE70FD4F23BF9AFD00422FFB /* Debug */,
				AE70FD5023BF9AFD00422FFB /* Release */,
			);
			defaultConfigurationIsVisible = 0;
			defaultConfigurationName = Release;
		};
		AE70FD5123BF9AFD00422FFB /* Build configuration list for PBXNativeTarget "HwS Project 2" */ = {
			isa = XCConfigurationList;
			buildConfigurations = (
				AE70FD5223BF9AFD00422FFB /* Debug */,
				AE70FD5323BF9AFD00422FFB /* Release */,
			);
			defaultConfigurationIsVisible = 0;
			defaultConfigurationName = Release;
		};
/* End XCConfigurationList section */
	};
	rootObject = AE70FD3523BF9AFB00422FFB /* Project object */;
}
