// !$*UTF8*$!
{
	archiveVersion = 1;
	classes = {
	};
	objectVersion = 50;
	objects = {

/* Begin PBXBuildFile section */
		AEABF92123BEB9DE002255CF /* AppDelegate.swift in Sources */ = {isa = PBXBuildFile; fileRef = AEABF92023BEB9DE002255CF /* AppDelegate.swift */; };
		AEABF92323BEB9DE002255CF /* SceneDelegate.swift in Sources */ = {isa = PBXBuildFile; fileRef = AEABF92223BEB9DE002255CF /* SceneDelegate.swift */; };
		AEABF92523BEB9DE002255CF /* ContentView.swift in Sources */ = {isa = PBXBuildFile; fileRef = AEABF92423BEB9DE002255CF /* ContentView.swift */; };
		AEABF92723BEB9E0002255CF /* Assets.xcassets in Resources */ = {isa = PBXBuildFile; fileRef = AEABF92623BEB9E0002255CF /* Assets.xcassets */; };
		AEABF92A23BEB9E0002255CF /* Preview Assets.xcassets in Resources */ = {isa = PBXBuildFile; fileRef = AEABF92923BEB9E0002255CF /* Preview Assets.xcassets */; };
		AEABF92D23BEB9E0002255CF /* LaunchScreen.storyboard in Resources */ = {isa = PBXBuildFile; fileRef = AEABF92B23BEB9E0002255CF /* LaunchScreen.storyboard */; };
/* End PBXBuildFile section */

/* Begin PBXFileReference section */
		AEABF91D23BEB9DE002255CF /* HwS Project 2.app */ = {isa = PBXFileReference; explicitFileType = wrapper.application; includeInIndex = 0; path = "HwS Project 2.app"; sourceTree = BUILT_PRODUCTS_DIR; };
		AEABF92023BEB9DE002255CF /* AppDelegate.swift */ = {isa = PBXFileReference; lastKnownFileType = sourcecode.swift; path = AppDelegate.swift; sourceTree = "<group>"; };
		AEABF92223BEB9DE002255CF /* SceneDelegate.swift */ = {isa = PBXFileReference; lastKnownFileType = sourcecode.swift; path = SceneDelegate.swift; sourceTree = "<group>"; };
		AEABF92423BEB9DE002255CF /* ContentView.swift */ = {isa = PBXFileReference; lastKnownFileType = sourcecode.swift; path = ContentView.swift; sourceTree = "<group>"; };
		AEABF92623BEB9E0002255CF /* Assets.xcassets */ = {isa = PBXFileReference; lastKnownFileType = folder.assetcatalog; path = Assets.xcassets; sourceTree = "<group>"; };
		AEABF92923BEB9E0002255CF /* Preview Assets.xcassets */ = {isa = PBXFileReference; lastKnownFileType = folder.assetcatalog; path = "Preview Assets.xcassets"; sourceTree = "<group>"; };
		AEABF92C23BEB9E0002255CF /* Base */ = {isa = PBXFileReference; lastKnownFileType = file.storyboard; name = Base; path = Base.lproj/LaunchScreen.storyboard; sourceTree = "<group>"; };
		AEABF92E23BEB9E0002255CF /* Info.plist */ = {isa = PBXFileReference; lastKnownFileType = text.plist.xml; path = Info.plist; sourceTree = "<group>"; };
/* End PBXFileReference section */

/* Begin PBXFrameworksBuildPhase section */
		AEABF91A23BEB9DE002255CF /* Frameworks */ = {
			isa = PBXFrameworksBuildPhase;
			buildActionMask = 2147483647;
			files = (
			);
			runOnlyForDeploymentPostprocessing = 0;
		};
/* End PBXFrameworksBuildPhase section */

/* Begin PBXGroup section */
		AEABF91423BEB9DE002255CF = {
			isa = PBXGroup;
			children = (
				AEABF91F23BEB9DE002255CF /* HwS Project 2 */,
				AEABF91E23BEB9DE002255CF /* Products */,
			);
			sourceTree = "<group>";
		};
		AEABF91E23BEB9DE002255CF /* Products */ = {
			isa = PBXGroup;
			children = (
				AEABF91D23BEB9DE002255CF /* HwS Project 2.app */,
			);
			name = Products;
			sourceTree = "<group>";
		};
		AEABF91F23BEB9DE002255CF /* HwS Project 2 */ = {
			isa = PBXGroup;
			children = (
				AEABF92023BEB9DE002255CF /* AppDelegate.swift */,
				AEABF92223BEB9DE002255CF /* SceneDelegate.swift */,
				AEABF92423BEB9DE002255CF /* ContentView.swift */,
				AEABF92623BEB9E0002255CF /* Assets.xcassets */,
				AEABF92B23BEB9E0002255CF /* LaunchScreen.storyboard */,
				AEABF92E23BEB9E0002255CF /* Info.plist */,
				AEABF92823BEB9E0002255CF /* Preview Content */,
			);
			path = "HwS Project 2";
			sourceTree = "<group>";
		};
		AEABF92823BEB9E0002255CF /* Preview Content */ = {
			isa = PBXGroup;
			children = (
				AEABF92923BEB9E0002255CF /* Preview Assets.xcassets */,
			);
			path = "Preview Content";
			sourceTree = "<group>";
		};
/* End PBXGroup section */

/* Begin PBXNativeTarget section */
		AEABF91C23BEB9DE002255CF /* HwS Project 2 */ = {
			isa = PBXNativeTarget;
			buildConfigurationList = AEABF93123BEB9E0002255CF /* Build configuration list for PBXNativeTarget "HwS Project 2" */;
			buildPhases = (
				AEABF91923BEB9DE002255CF /* Sources */,
				AEABF91A23BEB9DE002255CF /* Frameworks */,
				AEABF91B23BEB9DE002255CF /* Resources */,
			);
			buildRules = (
			);
			dependencies = (
			);
			name = "HwS Project 2";
			productName = "HwS Project 2";
			productReference = AEABF91D23BEB9DE002255CF /* HwS Project 2.app */;
			productType = "com.apple.product-type.application";
		};
/* End PBXNativeTarget section */

/* Begin PBXProject section */
		AEABF91523BEB9DE002255CF /* Project object */ = {
			isa = PBXProject;
			attributes = {
				LastSwiftUpdateCheck = 1130;
				LastUpgradeCheck = 1130;
				ORGANIZATIONNAME = "Heather Mason";
				TargetAttributes = {
					AEABF91C23BEB9DE002255CF = {
						CreatedOnToolsVersion = 11.3;
					};
				};
			};
			buildConfigurationList = AEABF91823BEB9DE002255CF /* Build configuration list for PBXProject "HwS Project 2" */;
			compatibilityVersion = "Xcode 9.3";
			developmentRegion = en;
			hasScannedForEncodings = 0;
			knownRegions = (
				en,
				Base,
			);
			mainGroup = AEABF91423BEB9DE002255CF;
			productRefGroup = AEABF91E23BEB9DE002255CF /* Products */;
			projectDirPath = "";
			projectRoot = "";
			targets = (
				AEABF91C23BEB9DE002255CF /* HwS Project 2 */,
			);
		};
/* End PBXProject section */

/* Begin PBXResourcesBuildPhase section */
		AEABF91B23BEB9DE002255CF /* Resources */ = {
			isa = PBXResourcesBuildPhase;
			buildActionMask = 2147483647;
			files = (
				AEABF92D23BEB9E0002255CF /* LaunchScreen.storyboard in Resources */,
				AEABF92A23BEB9E0002255CF /* Preview Assets.xcassets in Resources */,
				AEABF92723BEB9E0002255CF /* Assets.xcassets in Resources */,
			);
			runOnlyForDeploymentPostprocessing = 0;
		};
/* End PBXResourcesBuildPhase section */

/* Begin PBXSourcesBuildPhase section */
		AEABF91923BEB9DE002255CF /* Sources */ = {
			isa = PBXSourcesBuildPhase;
			buildActionMask = 2147483647;
			files = (
				AEABF92123BEB9DE002255CF /* AppDelegate.swift in Sources */,
				AEABF92323BEB9DE002255CF /* SceneDelegate.swift in Sources */,
				AEABF92523BEB9DE002255CF /* ContentView.swift in Sources */,
			);
			runOnlyForDeploymentPostprocessing = 0;
		};
/* End PBXSourcesBuildPhase section */

/* Begin PBXVariantGroup section */
		AEABF92B23BEB9E0002255CF /* LaunchScreen.storyboard */ = {
			isa = PBXVariantGroup;
			children = (
				AEABF92C23BEB9E0002255CF /* Base */,
			);
			name = LaunchScreen.storyboard;
			sourceTree = "<group>";
		};
/* End PBXVariantGroup section */

/* Begin XCBuildConfiguration section */
		AEABF92F23BEB9E0002255CF /* Debug */ = {
			isa = XCBuildConfiguration;
			buildSettings = {
				ALWAYS_SEARCH_USER_PATHS = NO;
				CLANG_ANALYZER_NONNULL = YES;
				CLANG_ANALYZER_NUMBER_OBJECT_CONVERSION = YES_AGGRESSIVE;
				CLANG_CXX_LANGUAGE_STANDARD = "gnu++14";
				CLANG_CXX_LIBRARY = "libc++";
				CLANG_ENABLE_MODULES = YES;
				CLANG_ENABLE_OBJC_ARC = YES;
				CLANG_ENABLE_OBJC_WEAK = YES;
				CLANG_WARN_BLOCK_CAPTURE_AUTORELEASING = YES;
				CLANG_WARN_BOOL_CONVERSION = YES;
				CLANG_WARN_COMMA = YES;
				CLANG_WARN_CONSTANT_CONVERSION = YES;
				CLANG_WARN_DEPRECATED_OBJC_IMPLEMENTATIONS = YES;
				CLANG_WARN_DIRECT_OBJC_ISA_USAGE = YES_ERROR;
				CLANG_WARN_DOCUMENTATION_COMMENTS = YES;
				CLANG_WARN_EMPTY_BODY = YES;
				CLANG_WARN_ENUM_CONVERSION = YES;
				CLANG_WARN_INFINITE_RECURSION = YES;
				CLANG_WARN_INT_CONVERSION = YES;
				CLANG_WARN_NON_LITERAL_NULL_CONVERSION = YES;
				CLANG_WARN_OBJC_IMPLICIT_RETAIN_SELF = YES;
				CLANG_WARN_OBJC_LITERAL_CONVERSION = YES;
				CLANG_WARN_OBJC_ROOT_CLASS = YES_ERROR;
				CLANG_WARN_RANGE_LOOP_ANALYSIS = YES;
				CLANG_WARN_STRICT_PROTOTYPES = YES;
				CLANG_WARN_SUSPICIOUS_MOVE = YES;
				CLANG_WARN_UNGUARDED_AVAILABILITY = YES_AGGRESSIVE;
				CLANG_WARN_UNREACHABLE_CODE = YES;
				CLANG_WARN__DUPLICATE_METHOD_MATCH = YES;
				COPY_PHASE_STRIP = NO;
				DEBUG_INFORMATION_FORMAT = dwarf;
				ENABLE_STRICT_OBJC_MSGSEND = YES;
				ENABLE_TESTABILITY = YES;
				GCC_C_LANGUAGE_STANDARD = gnu11;
				GCC_DYNAMIC_NO_PIC = NO;
				GCC_NO_COMMON_BLOCKS = YES;
				GCC_OPTIMIZATION_LEVEL = 0;
				GCC_PREPROCESSOR_DEFINITIONS = (
					"DEBUG=1",
					"$(inherited)",
				);
				GCC_WARN_64_TO_32_BIT_CONVERSION = YES;
				GCC_WARN_ABOUT_RETURN_TYPE = YES_ERROR;
				GCC_WARN_UNDECLARED_SELECTOR = YES;
				GCC_WARN_UNINITIALIZED_AUTOS = YES_AGGRESSIVE;
				GCC_WARN_UNUSED_FUNCTION = YES;
				GCC_WARN_UNUSED_VARIABLE = YES;
				IPHONEOS_DEPLOYMENT_TARGET = 13.2;
				MTL_ENABLE_DEBUG_INFO = INCLUDE_SOURCE;
				MTL_FAST_MATH = YES;
				ONLY_ACTIVE_ARCH = YES;
				SDKROOT = iphoneos;
				SWIFT_ACTIVE_COMPILATION_CONDITIONS = DEBUG;
				SWIFT_OPTIMIZATION_LEVEL = "-Onone";
			};
			name = Debug;
		};
		AEABF93023BEB9E0002255CF /* Release */ = {
			isa = XCBuildConfiguration;
			buildSettings = {
				ALWAYS_SEARCH_USER_PATHS = NO;
				CLANG_ANALYZER_NONNULL = YES;
				CLANG_ANALYZER_NUMBER_OBJECT_CONVERSION = YES_AGGRESSIVE;
				CLANG_CXX_LANGUAGE_STANDARD = "gnu++14";
				CLANG_CXX_LIBRARY = "libc++";
				CLANG_ENABLE_MODULES = YES;
				CLANG_ENABLE_OBJC_ARC = YES;
				CLANG_ENABLE_OBJC_WEAK = YES;
				CLANG_WARN_BLOCK_CAPTURE_AUTORELEASING = YES;
				CLANG_WARN_BOOL_CONVERSION = YES;
				CLANG_WARN_COMMA = YES;
				CLANG_WARN_CONSTANT_CONVERSION = YES;
				CLANG_WARN_DEPRECATED_OBJC_IMPLEMENTATIONS = YES;
				CLANG_WARN_DIRECT_OBJC_ISA_USAGE = YES_ERROR;
				CLANG_WARN_DOCUMENTATION_COMMENTS = YES;
				CLANG_WARN_EMPTY_BODY = YES;
				CLANG_WARN_ENUM_CONVERSION = YES;
				CLANG_WARN_INFINITE_RECURSION = YES;
				CLANG_WARN_INT_CONVERSION = YES;
				CLANG_WARN_NON_LITERAL_NULL_CONVERSION = YES;
				CLANG_WARN_OBJC_IMPLICIT_RETAIN_SELF = YES;
				CLANG_WARN_OBJC_LITERAL_CONVERSION = YES;
				CLANG_WARN_OBJC_ROOT_CLASS = YES_ERROR;
				CLANG_WARN_RANGE_LOOP_ANALYSIS = YES;
				CLANG_WARN_STRICT_PROTOTYPES = YES;
				CLANG_WARN_SUSPICIOUS_MOVE = YES;
				CLANG_WARN_UNGUARDED_AVAILABILITY = YES_AGGRESSIVE;
				CLANG_WARN_UNREACHABLE_CODE = YES;
				CLANG_WARN__DUPLICATE_METHOD_MATCH = YES;
				COPY_PHASE_STRIP = NO;
				DEBUG_INFORMATION_FORMAT = "dwarf-with-dsym";
				ENABLE_NS_ASSERTIONS = NO;
				ENABLE_STRICT_OBJC_MSGSEND = YES;
				GCC_C_LANGUAGE_STANDARD = gnu11;
				GCC_NO_COMMON_BLOCKS = YES;
				GCC_WARN_64_TO_32_BIT_CONVERSION = YES;
				GCC_WARN_ABOUT_RETURN_TYPE = YES_ERROR;
				GCC_WARN_UNDECLARED_SELECTOR = YES;
				GCC_WARN_UNINITIALIZED_AUTOS = YES_AGGRESSIVE;
				GCC_WARN_UNUSED_FUNCTION = YES;
				GCC_WARN_UNUSED_VARIABLE = YES;
				IPHONEOS_DEPLOYMENT_TARGET = 13.2;
				MTL_ENABLE_DEBUG_INFO = NO;
				MTL_FAST_MATH = YES;
				SDKROOT = iphoneos;
				SWIFT_COMPILATION_MODE = wholemodule;
				SWIFT_OPTIMIZATION_LEVEL = "-O";
				VALIDATE_PRODUCT = YES;
			};
			name = Release;
		};
		AEABF93223BEB9E0002255CF /* Debug */ = {
			isa = XCBuildConfiguration;
			buildSettings = {
				ASSETCATALOG_COMPILER_APPICON_NAME = AppIcon;
				CODE_SIGN_STYLE = Automatic;
				DEVELOPMENT_ASSET_PATHS = "\"HwS Project 2/Preview Content\"";
				DEVELOPMENT_TEAM = 766MQFJY2G;
				ENABLE_PREVIEWS = YES;
				INFOPLIST_FILE = "HwS Project 2/Info.plist";
				LD_RUNPATH_SEARCH_PATHS = (
					"$(inherited)",
					"@executable_path/Frameworks",
				);
				PRODUCT_BUNDLE_IDENTIFIER = "me.heatem.HwS-Project-2";
				PRODUCT_NAME = "$(TARGET_NAME)";
				SWIFT_VERSION = 5.0;
				TARGETED_DEVICE_FAMILY = "1,2";
			};
			name = Debug;
		};
		AEABF93323BEB9E0002255CF /* Release */ = {
			isa = XCBuildConfiguration;
			buildSettings = {
				ASSETCATALOG_COMPILER_APPICON_NAME = AppIcon;
				CODE_SIGN_STYLE = Automatic;
				DEVELOPMENT_ASSET_PATHS = "\"HwS Project 2/Preview Content\"";
				DEVELOPMENT_TEAM = 766MQFJY2G;
				ENABLE_PREVIEWS = YES;
				INFOPLIST_FILE = "HwS Project 2/Info.plist";
				LD_RUNPATH_SEARCH_PATHS = (
					"$(inherited)",
					"@executable_path/Frameworks",
				);
				PRODUCT_BUNDLE_IDENTIFIER = "me.heatem.HwS-Project-2";
				PRODUCT_NAME = "$(TARGET_NAME)";
				SWIFT_VERSION = 5.0;
				TARGETED_DEVICE_FAMILY = "1,2";
			};
			name = Release;
		};
/* End XCBuildConfiguration section */

/* Begin XCConfigurationList section */
		AEABF91823BEB9DE002255CF /* Build configuration list for PBXProject "HwS Project 2" */ = {
			isa = XCConfigurationList;
			buildConfigurations = (
				AEABF92F23BEB9E0002255CF /* Debug */,
				AEABF93023BEB9E0002255CF /* Release */,
			);
			defaultConfigurationIsVisible = 0;
			defaultConfigurationName = Release;
		};
		AEABF93123BEB9E0002255CF /* Build configuration list for PBXNativeTarget "HwS Project 2" */ = {
			isa = XCConfigurationList;
			buildConfigurations = (
				AEABF93223BEB9E0002255CF /* Debug */,
				AEABF93323BEB9E0002255CF /* Release */,
			);
			defaultConfigurationIsVisible = 0;
			defaultConfigurationName = Release;
		};
/* End XCConfigurationList section */
	};
	rootObject = AEABF91523BEB9DE002255CF /* Project object */;
}
